<?xml version="1.0" encoding="utf-8"?>
<Project ToolsVersion="4.0" xmlns="http://schemas.microsoft.com/developer/msbuild/2003">
  <ItemGroup>
    <Filter Include="Source Files">
      <UniqueIdentifier>{4FC737F1-C7A5-4376-A066-2A32D752A2FF}</UniqueIdentifier>
      <Extensions>cpp;c;cc;cxx;def;odl;idl;hpj;bat;asm;asmx</Extensions>
    </Filter>
    <Filter Include="Header Files">
      <UniqueIdentifier>{93995380-89BD-4b04-88EB-625FBE52EBFB}</UniqueIdentifier>
      <Extensions>h;hh;hpp;hxx;hm;inl;inc;ipp;xsd</Extensions>
    </Filter>
    <Filter Include="Resource Files">
      <UniqueIdentifier>{67DA6AB6-F800-4c08-8B7A-83BB121AAD01}</UniqueIdentifier>
      <Extensions>rc;ico;cur;bmp;dlg;rc2;rct;bin;rgs;gif;jpg;jpeg;jpe;resx;tiff;tif;png;wav;mfcribbon-ms</Extensions>
    </Filter>
    <Filter Include="Source Files\Examples">
      <UniqueIdentifier>{9a47a859-ed00-474c-a0d3-8215d5bc402d}</UniqueIdentifier>
    </Filter>
    <Filter Include="Source Files\Examples\Chapter1">
      <UniqueIdentifier>{64c1ac97-5c08-4780-b82f-841d1ff69d12}</UniqueIdentifier>
    </Filter>
    <Filter Include="Source Files\Examples\Chapter2">
      <UniqueIdentifier>{52d772eb-f7d3-445b-9f9f-e018d21b54e4}</UniqueIdentifier>
    </Filter>
    <Filter Include="Source Files\Examples\Chapter3">
      <UniqueIdentifier>{c2c5e53e-bec2-46dd-b433-39851d9b6d93}</UniqueIdentifier>
    </Filter>
    <Filter Include="Source Files\Exercises">
      <UniqueIdentifier>{52afa5ca-4578-4be2-8d74-efaebd7dc737}</UniqueIdentifier>
    </Filter>
    <Filter Include="Source Files\Exercises\Chapter3">
      <UniqueIdentifier>{3898aefa-efb3-4286-b6e4-f2feb9b865eb}</UniqueIdentifier>
    </Filter>
    <Filter Include="Source Files\Examples\Chapter4">
      <UniqueIdentifier>{deb497d8-3ae8-4189-9299-0414840dd784}</UniqueIdentifier>
    </Filter>
    <Filter Include="Source Files\Exercises\Chapter4">
      <UniqueIdentifier>{a9153620-80c3-4c78-98b8-dbc8b630b06a}</UniqueIdentifier>
    </Filter>
    <Filter Include="Source Files\Examples\Chapter5">
      <UniqueIdentifier>{c0923312-fd60-4bae-969d-2eef5bad7be2}</UniqueIdentifier>
    </Filter>
    <Filter Include="Source Files\Examples\Chapter6">
      <UniqueIdentifier>{942ce1ca-803f-42d2-94bb-cafaf9497758}</UniqueIdentifier>
    </Filter>
    <Filter Include="Source Files\Exercises\Chapter5">
      <UniqueIdentifier>{a8b8b3e9-8d79-49fc-8d68-e3f0f0504942}</UniqueIdentifier>
    </Filter>
    <Filter Include="Source Files\Exercises\Chapter6">
      <UniqueIdentifier>{d4aed867-4722-4bed-a3d2-00eb6167d2f4}</UniqueIdentifier>
    </Filter>
  </ItemGroup>
  <ItemGroup>
    <ClCompile Include="BinarySearch.c">
      <Filter>Source Files\Examples\Chapter1</Filter>
    </ClCompile>
    <ClCompile Include="BSWorstOpCount.c">
      <Filter>Source Files\Examples\Chapter1</Filter>
    </ClCompile>
    <ClCompile Include="LinearSearch.c">
      <Filter>Source Files\Examples\Chapter1</Filter>
    </ClCompile>
    <ClCompile Include="RecursiveBinarySearch.c">
      <Filter>Source Files\Examples\Chapter2</Filter>
    </ClCompile>
    <ClCompile Include="FibonacciFunc.c">
      <Filter>Source Files\Examples\Chapter2</Filter>
    </ClCompile>
    <ClCompile Include="FibonacciFunc2.c">
      <Filter>Source Files\Examples\Chapter2</Filter>
    </ClCompile>
    <ClCompile Include="HanoiTowerMove.c">
      <Filter>Source Files\Examples\Chapter2</Filter>
    </ClCompile>
    <ClCompile Include="Exercise11729.c">
      <Filter>Source Files\Examples\Chapter2</Filter>
    </ClCompile>
    <ClCompile Include="ListMain.c">
      <Filter>Source Files\Examples\Chapter3</Filter>
    </ClCompile>
    <ClCompile Include="ArrayList.c">
      <Filter>Source Files\Examples\Chapter3</Filter>
    </ClCompile>
    <ClCompile Include="Point.c">
      <Filter>Source Files\Examples\Chapter3</Filter>
    </ClCompile>
    <ClCompile Include="ArrayList2.c">
      <Filter>Source Files\Examples\Chapter3</Filter>
    </ClCompile>
    <ClCompile Include="PointListMain.c">
      <Filter>Source Files\Examples\Chapter3</Filter>
    </ClCompile>
    <ClCompile Include="ArrayList3.c">
      <Filter>Source Files\Exercises\Chapter3</Filter>
    </ClCompile>
    <ClCompile Include="Exercise03-1.c">
      <Filter>Source Files\Exercises\Chapter3</Filter>
    </ClCompile>
    <ClCompile Include="Exercise03-2.c">
      <Filter>Source Files\Exercises\Chapter3</Filter>
    </ClCompile>
    <ClCompile Include="NameCard.c">
      <Filter>Source Files\Exercises\Chapter3</Filter>
    </ClCompile>
    <ClCompile Include="ArrayRead.c">
      <Filter>Source Files\Examples\Chapter4</Filter>
    </ClCompile>
    <ClCompile Include="LinkedRead.c">
      <Filter>Source Files\Examples\Chapter4</Filter>
    </ClCompile>
    <ClCompile Include="Exercise04-1.c">
      <Filter>Source Files\Exercises\Chapter4</Filter>
    </ClCompile>
    <ClCompile Include="DLinkedList.c">
      <Filter>Source Files\Examples\Chapter4</Filter>
    </ClCompile>
    <ClCompile Include="Exercise04-2-1.c">
      <Filter>Source Files\Exercises\Chapter4</Filter>
    </ClCompile>
    <ClCompile Include="DLinkedListMain.c">
      <Filter>Source Files\Examples\Chapter4</Filter>
    </ClCompile>
    <ClCompile Include="Exercise04-3.c">
      <Filter>Source Files\Exercises\Chapter4</Filter>
    </ClCompile>
    <ClCompile Include="DLinkedListSortMain.c">
      <Filter>Source Files\Examples\Chapter4</Filter>
    </ClCompile>
    <ClCompile Include="CLinkedList.c">
      <Filter>Source Files\Examples\Chapter5</Filter>
    </ClCompile>
    <ClCompile Include="CLinkedListMain.c">
      <Filter>Source Files\Examples\Chapter5</Filter>
    </ClCompile>
    <ClCompile Include="CLinkedList2.c">
      <Filter>Source Files\Exercises\Chapter5</Filter>
    </ClCompile>
    <ClCompile Include="Exercise05-1.c">
      <Filter>Source Files\Exercises\Chapter5</Filter>
    </ClCompile>
    <ClCompile Include="DBLinkedList.c">
      <Filter>Source Files\Examples\Chapter5</Filter>
    </ClCompile>
    <ClCompile Include="DBLinkedListMain.c">
      <Filter>Source Files\Examples\Chapter5</Filter>
    </ClCompile>
    <ClCompile Include="DBDLinkedList2.c">
      <Filter>Source Files\Exercises\Chapter5</Filter>
    </ClCompile>
    <ClCompile Include="Exercise05-2.c">
      <Filter>Source Files\Exercises\Chapter5</Filter>
    </ClCompile>
    <ClCompile Include="ArrayBasedStack.c">
      <Filter>Source Files\Examples\Chapter6</Filter>
    </ClCompile>
    <ClCompile Include="ArrayBasedStackMain.c">
      <Filter>Source Files\Examples\Chapter6</Filter>
    </ClCompile>
    <ClCompile Include="ListBasedStack.c">
      <Filter>Source Files\Examples\Chapter6</Filter>
    </ClCompile>
    <ClCompile Include="ListBasedStackMain.c">
      <Filter>Source Files\Examples\Chapter6</Filter>
    </ClCompile>
    <ClCompile Include="CLinkedList3.c">
      <Filter>Source Files\Exercises\Chapter6</Filter>
    </ClCompile>
    <ClCompile Include="Exercise06-1.c">
      <Filter>Source Files\Exercises\Chapter6</Filter>
    </ClCompile>
    <ClCompile Include="CLLBasedStack.c">
      <Filter>Source Files\Exercises\Chapter6</Filter>
    </ClCompile>
  </ItemGroup>
  <ItemGroup>
    <ClInclude Include="ArrayList.h">
      <Filter>Source Files\Examples\Chapter3</Filter>
    </ClInclude>
    <ClInclude Include="Point.h">
      <Filter>Source Files\Examples\Chapter3</Filter>
    </ClInclude>
    <ClInclude Include="ArrayList2.h">
      <Filter>Source Files\Examples\Chapter3</Filter>
    </ClInclude>
    <ClInclude Include="ArrayList3.h">
      <Filter>Source Files\Exercises\Chapter3</Filter>
    </ClInclude>
    <ClInclude Include="NameCard.h">
      <Filter>Source Files\Exercises\Chapter3</Filter>
    </ClInclude>
    <ClInclude Include="DLinkedList.h">
      <Filter>Source Files\Examples\Chapter4</Filter>
    </ClInclude>
    <ClInclude Include="CLinkedList.h">
      <Filter>Source Files\Examples\Chapter5</Filter>
    </ClInclude>
    <ClInclude Include="Employee.h">
      <Filter>Source Files\Exercises\Chapter5</Filter>
    </ClInclude>
    <ClInclude Include="CLinkedList2.h">
      <Filter>Source Files\Exercises\Chapter5</Filter>
    </ClInclude>
    <ClInclude Include="DBLinkedList.h">
      <Filter>Source Files\Examples\Chapter5</Filter>
    </ClInclude>
    <ClInclude Include="DBLinkedList2.h">
      <Filter>Source Files\Exercises\Chapter5</Filter>
    </ClInclude>
    <ClInclude Include="ArrayBasedStack.h">
      <Filter>Source Files\Examples\Chapter6</Filter>
    </ClInclude>
    <ClInclude Include="ListBasedStack.h">
      <Filter>Source Files\Examples\Chapter6</Filter>
    </ClInclude>
    <ClInclude Include="CLinkedList3.h">
      <Filter>Source Files\Exercises\Chapter6</Filter>
    </ClInclude>
    <ClInclude Include="CLLBasedStack.h">
      <Filter>Source Files\Exercises\Chapter6</Filter>
    </ClInclude>
  </ItemGroup>
</Project>